
Microsoft Visual Studio Solution File, Format Version 12.00
# Visual Studio Version 16
VisualStudioVersion = 16.6.30114.105
MinimumVisualStudioVersion = 10.0.40219.1
Project("{2150E333-8FDC-42A3-9474-1A3956D46DE8}") = "Domain", "Domain", "{F458B170-C1FE-11EC-9572-D5FD7D37C0E1}"
EndProject
Project("{FAE04EC0-301F-11D3-BF4B-00C04F79EFBC}") = "RandomDice", "RandomDice\RandomDice.csproj", "{4D17D997-43BB-481F-9E0F-EAED1B04E0BF}"
EndProject
Project("{FAE04EC0-301F-11D3-BF4B-00C04F79EFBC}") = "Stocks", "Stock\Stocks.csproj", "{06CEE9AD-18BC-4B2A-B90F-69BB50F4C767}"
EndProject
Project("{FAE04EC0-301F-11D3-BF4B-00C04F79EFBC}") = "Logistics", "Foods\Logistics.csproj", "{5B1E6815-BE44-44E4-9BCA-0636791A82BF}"
EndProject
Project("{FAE04EC0-301F-11D3-BF4B-00C04F79EFBC}") = "Invest", "Invest\Invest.csproj", "{8F037034-67AA-4AD9-A835-D756E29E0DD2}"
EndProject
Project("{FAE04EC0-301F-11D3-BF4B-00C04F79EFBC}") = "RandomDice.Tests", "RandomDice.Tests\RandomDice.Tests.csproj", "{F5AD7D67-E662-4EEA-91C9-9DE1855E06B9}"
EndProject
Global
	GlobalSection(SolutionConfigurationPlatforms) = preSolution
		Debug|Any CPU = Debug|Any CPU
		Debug|x64 = Debug|x64
		Debug|x86 = Debug|x86
		Release|Any CPU = Release|Any CPU
		Release|x64 = Release|x64
		Release|x86 = Release|x86
	EndGlobalSection
	GlobalSection(SolutionProperties) = preSolution
		HideSolutionNode = FALSE
	EndGlobalSection
	GlobalSection(ProjectConfigurationPlatforms) = postSolution
		{4D17D997-43BB-481F-9E0F-EAED1B04E0BF}.Debug|Any CPU.ActiveCfg = Debug|Any CPU
		{4D17D997-43BB-481F-9E0F-EAED1B04E0BF}.Debug|Any CPU.Build.0 = Debug|Any CPU
		{4D17D997-43BB-481F-9E0F-EAED1B04E0BF}.Debug|x64.ActiveCfg = Debug|Any CPU
		{4D17D997-43BB-481F-9E0F-EAED1B04E0BF}.Debug|x64.Build.0 = Debug|Any CPU
		{4D17D997-43BB-481F-9E0F-EAED1B04E0BF}.Debug|x86.ActiveCfg = Debug|Any CPU
		{4D17D997-43BB-481F-9E0F-EAED1B04E0BF}.Debug|x86.Build.0 = Debug|Any CPU
		{4D17D997-43BB-481F-9E0F-EAED1B04E0BF}.Release|Any CPU.ActiveCfg = Release|Any CPU
		{4D17D997-43BB-481F-9E0F-EAED1B04E0BF}.Release|Any CPU.Build.0 = Release|Any CPU
		{4D17D997-43BB-481F-9E0F-EAED1B04E0BF}.Release|x64.ActiveCfg = Release|Any CPU
		{4D17D997-43BB-481F-9E0F-EAED1B04E0BF}.Release|x64.Build.0 = Release|Any CPU
		{4D17D997-43BB-481F-9E0F-EAED1B04E0BF}.Release|x86.ActiveCfg = Release|Any CPU
		{4D17D997-43BB-481F-9E0F-EAED1B04E0BF}.Release|x86.Build.0 = Release|Any CPU
		{06CEE9AD-18BC-4B2A-B90F-69BB50F4C767}.Debug|Any CPU.ActiveCfg = Debug|Any CPU
		{06CEE9AD-18BC-4B2A-B90F-69BB50F4C767}.Debug|Any CPU.Build.0 = Debug|Any CPU
		{06CEE9AD-18BC-4B2A-B90F-69BB50F4C767}.Debug|x64.ActiveCfg = Debug|Any CPU
		{06CEE9AD-18BC-4B2A-B90F-69BB50F4C767}.Debug|x64.Build.0 = Debug|Any CPU
		{06CEE9AD-18BC-4B2A-B90F-69BB50F4C767}.Debug|x86.ActiveCfg = Debug|Any CPU
		{06CEE9AD-18BC-4B2A-B90F-69BB50F4C767}.Debug|x86.Build.0 = Debug|Any CPU
		{06CEE9AD-18BC-4B2A-B90F-69BB50F4C767}.Release|Any CPU.ActiveCfg = Release|Any CPU
		{06CEE9AD-18BC-4B2A-B90F-69BB50F4C767}.Release|Any CPU.Build.0 = Release|Any CPU
		{06CEE9AD-18BC-4B2A-B90F-69BB50F4C767}.Release|x64.ActiveCfg = Release|Any CPU
		{06CEE9AD-18BC-4B2A-B90F-69BB50F4C767}.Release|x64.Build.0 = Release|Any CPU
		{06CEE9AD-18BC-4B2A-B90F-69BB50F4C767}.Release|x86.ActiveCfg = Release|Any CPU
		{06CEE9AD-18BC-4B2A-B90F-69BB50F4C767}.Release|x86.Build.0 = Release|Any CPU
		{5B1E6815-BE44-44E4-9BCA-0636791A82BF}.Debug|Any CPU.ActiveCfg = Debug|Any CPU
		{5B1E6815-BE44-44E4-9BCA-0636791A82BF}.Debug|Any CPU.Build.0 = Debug|Any CPU
		{5B1E6815-BE44-44E4-9BCA-0636791A82BF}.Debug|x64.ActiveCfg = Debug|Any CPU
		{5B1E6815-BE44-44E4-9BCA-0636791A82BF}.Debug|x64.Build.0 = Debug|Any CPU
		{5B1E6815-BE44-44E4-9BCA-0636791A82BF}.Debug|x86.ActiveCfg = Debug|Any CPU
		{5B1E6815-BE44-44E4-9BCA-0636791A82BF}.Debug|x86.Build.0 = Debug|Any CPU
		{5B1E6815-BE44-44E4-9BCA-0636791A82BF}.Release|Any CPU.ActiveCfg = Release|Any CPU
		{5B1E6815-BE44-44E4-9BCA-0636791A82BF}.Release|Any CPU.Build.0 = Release|Any CPU
		{5B1E6815-BE44-44E4-9BCA-0636791A82BF}.Release|x64.ActiveCfg = Release|Any CPU
		{5B1E6815-BE44-44E4-9BCA-0636791A82BF}.Release|x64.Build.0 = Release|Any CPU
		{5B1E6815-BE44-44E4-9BCA-0636791A82BF}.Release|x86.ActiveCfg = Release|Any CPU
		{5B1E6815-BE44-44E4-9BCA-0636791A82BF}.Release|x86.Build.0 = Release|Any CPU
		{8F037034-67AA-4AD9-A835-D756E29E0DD2}.Debug|Any CPU.ActiveCfg = Debug|Any CPU
		{8F037034-67AA-4AD9-A835-D756E29E0DD2}.Debug|Any CPU.Build.0 = Debug|Any CPU
		{8F037034-67AA-4AD9-A835-D756E29E0DD2}.Debug|x64.ActiveCfg = Debug|Any CPU
		{8F037034-67AA-4AD9-A835-D756E29E0DD2}.Debug|x64.Build.0 = Debug|Any CPU
		{8F037034-67AA-4AD9-A835-D756E29E0DD2}.Debug|x86.ActiveCfg = Debug|Any CPU
		{8F037034-67AA-4AD9-A835-D756E29E0DD2}.Debug|x86.Build.0 = Debug|Any CPU
		{8F037034-67AA-4AD9-A835-D756E29E0DD2}.Release|Any CPU.ActiveCfg = Release|Any CPU
		{8F037034-67AA-4AD9-A835-D756E29E0DD2}.Release|Any CPU.Build.0 = Release|Any CPU
		{8F037034-67AA-4AD9-A835-D756E29E0DD2}.Release|x64.ActiveCfg = Release|Any CPU
		{8F037034-67AA-4AD9-A835-D756E29E0DD2}.Release|x64.Build.0 = Release|Any CPU
		{8F037034-67AA-4AD9-A835-D756E29E0DD2}.Release|x86.ActiveCfg = Release|Any CPU
		{8F037034-67AA-4AD9-A835-D756E29E0DD2}.Release|x86.Build.0 = Release|Any CPU
		{F5AD7D67-E662-4EEA-91C9-9DE1855E06B9}.Debug|Any CPU.ActiveCfg = Debug|Any CPU
		{F5AD7D67-E662-4EEA-91C9-9DE1855E06B9}.Debug|Any CPU.Build.0 = Debug|Any CPU
		{F5AD7D67-E662-4EEA-91C9-9DE1855E06B9}.Debug|x64.ActiveCfg = Debug|Any CPU
		{F5AD7D67-E662-4EEA-91C9-9DE1855E06B9}.Debug|x64.Build.0 = Debug|Any CPU
		{F5AD7D67-E662-4EEA-91C9-9DE1855E06B9}.Debug|x86.ActiveCfg = Debug|Any CPU
		{F5AD7D67-E662-4EEA-91C9-9DE1855E06B9}.Debug|x86.Build.0 = Debug|Any CPU
		{F5AD7D67-E662-4EEA-91C9-9DE1855E06B9}.Release|Any CPU.ActiveCfg = Release|Any CPU
		{F5AD7D67-E662-4EEA-91C9-9DE1855E06B9}.Release|Any CPU.Build.0 = Release|Any CPU
		{F5AD7D67-E662-4EEA-91C9-9DE1855E06B9}.Release|x64.ActiveCfg = Release|Any CPU
		{F5AD7D67-E662-4EEA-91C9-9DE1855E06B9}.Release|x64.Build.0 = Release|Any CPU
		{F5AD7D67-E662-4EEA-91C9-9DE1855E06B9}.Release|x86.ActiveCfg = Release|Any CPU
		{F5AD7D67-E662-4EEA-91C9-9DE1855E06B9}.Release|x86.Build.0 = Release|Any CPU
	EndGlobalSection
	GlobalSection(NestedProjects) = preSolution
		{8F037034-67AA-4AD9-A835-D756E29E0DD2} = {F458B170-C1FE-11EC-9572-D5FD7D37C0E1}
		{5B1E6815-BE44-44E4-9BCA-0636791A82BF} = {F458B170-C1FE-11EC-9572-D5FD7D37C0E1}
		{06CEE9AD-18BC-4B2A-B90F-69BB50F4C767} = {F458B170-C1FE-11EC-9572-D5FD7D37C0E1}
		{4D17D997-43BB-481F-9E0F-EAED1B04E0BF} = {F458B170-C1FE-11EC-9572-D5FD7D37C0E1}
	EndGlobalSection
EndGlobal
